// !$*UTF8*$!
{
	archiveVersion = 1;
	classes = {
	};
	objectVersion = 50;
	objects = {

/* Begin PBXBuildFile section */
		6DDF2ECC21EC8DE700CC598C /* main.c in Sources */ = {isa = PBXBuildFile; fileRef = 6DDF2ECB21EC8DE700CC598C /* main.c */; };
		6DDF2EDD21EC8E0400CC598C /* dynamicAllocMemory.c in Sources */ = {isa = PBXBuildFile; fileRef = 6DDF2ED221EC8E0300CC598C /* dynamicAllocMemory.c */; };
		6DDF2EDE21EC8E0400CC598C /* outputListNode.c in Sources */ = {isa = PBXBuildFile; fileRef = 6DDF2ED321EC8E0300CC598C /* outputListNode.c */; };
		6DDF2EDF21EC8E0400CC598C /* delListNode.c in Sources */ = {isa = PBXBuildFile; fileRef = 6DDF2ED521EC8E0300CC598C /* delListNode.c */; };
		6DDF2EE021EC8E0400CC598C /* initStudentNode.c in Sources */ = {isa = PBXBuildFile; fileRef = 6DDF2ED621EC8E0300CC598C /* initStudentNode.c */; };
		6DDF2EE121EC8E0400CC598C /* InsertListNode.c in Sources */ = {isa = PBXBuildFile; fileRef = 6DDF2ED721EC8E0300CC598C /* InsertListNode.c */; };
/* End PBXBuildFile section */

/* Begin PBXCopyFilesBuildPhase section */
		6DDF2EC621EC8DE700CC598C /* CopyFiles */ = {
			isa = PBXCopyFilesBuildPhase;
			buildActionMask = 2147483647;
			dstPath = /usr/share/man/man1/;
			dstSubfolderSpec = 0;
			files = (
			);
			runOnlyForDeploymentPostprocessing = 1;
		};
/* End PBXCopyFilesBuildPhase section */

/* Begin PBXFileReference section */
		6DDF2EC821EC8DE700CC598C /* 链表(增删改查) */ = {isa = PBXFileReference; explicitFileType = "compiled.mach-o.executable"; includeInIndex = 0; path = "链表(增删改查)"; sourceTree = BUILT_PRODUCTS_DIR; };
		6DDF2ECB21EC8DE700CC598C /* main.c */ = {isa = PBXFileReference; lastKnownFileType = sourcecode.c.c; path = main.c; sourceTree = "<group>"; };
		6DDF2ED221EC8E0300CC598C /* dynamicAllocMemory.c */ = {isa = PBXFileReference; fileEncoding = 4; lastKnownFileType = sourcecode.c.c; path = dynamicAllocMemory.c; sourceTree = "<group>"; };
		6DDF2ED321EC8E0300CC598C /* outputListNode.c */ = {isa = PBXFileReference; fileEncoding = 4; lastKnownFileType = sourcecode.c.c; path = outputListNode.c; sourceTree = "<group>"; };
		6DDF2ED421EC8E0300CC598C /* initStudentNode.h */ = {isa = PBXFileReference; fileEncoding = 4; lastKnownFileType = sourcecode.c.h; path = initStudentNode.h; sourceTree = "<group>"; };
		6DDF2ED521EC8E0300CC598C /* delListNode.c */ = {isa = PBXFileReference; fileEncoding = 4; lastKnownFileType = sourcecode.c.c; path = delListNode.c; sourceTree = "<group>"; };
		6DDF2ED621EC8E0300CC598C /* initStudentNode.c */ = {isa = PBXFileReference; fileEncoding = 4; lastKnownFileType = sourcecode.c.c; path = initStudentNode.c; sourceTree = "<group>"; };
		6DDF2ED721EC8E0300CC598C /* InsertListNode.c */ = {isa = PBXFileReference; fileEncoding = 4; lastKnownFileType = sourcecode.c.c; path = InsertListNode.c; sourceTree = "<group>"; };
		6DDF2ED821EC8E0300CC598C /* delListNode.h */ = {isa = PBXFileReference; fileEncoding = 4; lastKnownFileType = sourcecode.c.h; path = delListNode.h; sourceTree = "<group>"; };
		6DDF2EDA21EC8E0400CC598C /* InsertListNode.h */ = {isa = PBXFileReference; fileEncoding = 4; lastKnownFileType = sourcecode.c.h; path = InsertListNode.h; sourceTree = "<group>"; };
		6DDF2EDB21EC8E0400CC598C /* outputListNode.h */ = {isa = PBXFileReference; fileEncoding = 4; lastKnownFileType = sourcecode.c.h; path = outputListNode.h; sourceTree = "<group>"; };
		6DDF2EDC21EC8E0400CC598C /* dynamicAllocMemory.h */ = {isa = PBXFileReference; fileEncoding = 4; lastKnownFileType = sourcecode.c.h; path = dynamicAllocMemory.h; sourceTree = "<group>"; };
/* End PBXFileReference section */

/* Begin PBXFrameworksBuildPhase section */
		6DDF2EC521EC8DE700CC598C /* Frameworks */ = {
			isa = PBXFrameworksBuildPhase;
			buildActionMask = 2147483647;
			files = (
			);
			runOnlyForDeploymentPostprocessing = 0;
		};
/* End PBXFrameworksBuildPhase section */

/* Begin PBXGroup section */
		6DDF2EBF21EC8DE700CC598C = {
			isa = PBXGroup;
			children = (
				6DDF2ECA21EC8DE700CC598C /* 链表(增删改查) */,
				6DDF2EC921EC8DE700CC598C /* Products */,
			);
			sourceTree = "<group>";
		};
		6DDF2EC921EC8DE700CC598C /* Products */ = {
			isa = PBXGroup;
			children = (
				6DDF2EC821EC8DE700CC598C /* 链表(增删改查) */,
			);
			name = Products;
			sourceTree = "<group>";
		};
		6DDF2ECA21EC8DE700CC598C /* 链表(增删改查) */ = {
			isa = PBXGroup;
			children = (
				6DDF2ED521EC8E0300CC598C /* delListNode.c */,
				6DDF2ED821EC8E0300CC598C /* delListNode.h */,
				6DDF2ED221EC8E0300CC598C /* dynamicAllocMemory.c */,
				6DDF2EDC21EC8E0400CC598C /* dynamicAllocMemory.h */,
				6DDF2ED621EC8E0300CC598C /* initStudentNode.c */,
				6DDF2ED421EC8E0300CC598C /* initStudentNode.h */,
				6DDF2ED721EC8E0300CC598C /* InsertListNode.c */,
				6DDF2EDA21EC8E0400CC598C /* InsertListNode.h */,
				6DDF2ED321EC8E0300CC598C /* outputListNode.c */,
				6DDF2EDB21EC8E0400CC598C /* outputListNode.h */,
				6DDF2ECB21EC8DE700CC598C /* main.c */,
			);
			path = "链表(增删改查)";
			sourceTree = "<group>";
		};
/* End PBXGroup section */

/* Begin PBXNativeTarget section */
		6DDF2EC721EC8DE700CC598C /* 链表(增删改查) */ = {
			isa = PBXNativeTarget;
			buildConfigurationList = 6DDF2ECF21EC8DE700CC598C /* Build configuration list for PBXNativeTarget "链表(增删改查)" */;
			buildPhases = (
				6DDF2EC421EC8DE700CC598C /* Sources */,
				6DDF2EC521EC8DE700CC598C /* Frameworks */,
				6DDF2EC621EC8DE700CC598C /* CopyFiles */,
			);
			buildRules = (
			);
			dependencies = (
			);
			name = "链表(增删改查)";
			productName = "链表(增删改查)";
			productReference = 6DDF2EC821EC8DE700CC598C /* 链表(增删改查) */;
			productType = "com.apple.product-type.tool";
		};
/* End PBXNativeTarget section */

/* Begin PBXProject section */
		6DDF2EC021EC8DE700CC598C /* Project object */ = {
			isa = PBXProject;
			attributes = {
				LastUpgradeCheck = 1010;
				ORGANIZATIONNAME = "陆敏";
				TargetAttributes = {
					6DDF2EC721EC8DE700CC598C = {
						CreatedOnToolsVersion = 10.1;
					};
				};
			};
			buildConfigurationList = 6DDF2EC321EC8DE700CC598C /* Build configuration list for PBXProject "链表(增删改查)" */;
			compatibilityVersion = "Xcode 9.3";
			developmentRegion = en;
			hasScannedForEncodings = 0;
			knownRegions = (
				en,
			);
			mainGroup = 6DDF2EBF21EC8DE700CC598C;
			productRefGroup = 6DDF2EC921EC8DE700CC598C /* Products */;
			projectDirPath = "";
			projectRoot = "";
			targets = (
				6DDF2EC721EC8DE700CC598C /* 链表(增删改查) */,
			);
		};
/* End PBXProject section */

/* Begin PBXSourcesBuildPhase section */
		6DDF2EC421EC8DE700CC598C /* Sources */ = {
			isa = PBXSourcesBuildPhase;
			buildActionMask = 2147483647;
			files = (
				6DDF2EE021EC8E0400CC598C /* initStudentNode.c in Sources */,
				6DDF2EDD21EC8E0400CC598C /* dynamicAllocMemory.c in Sources */,
				6DDF2EE121EC8E0400CC598C /* InsertListNode.c in Sources */,
				6DDF2EDF21EC8E0400CC598C /* delListNode.c in Sources */,
				6DDF2ECC21EC8DE700CC598C /* main.c in Sources */,
				6DDF2EDE21EC8E0400CC598C /* outputListNode.c in Sources */,
			);
			runOnlyForDeploymentPostprocessing = 0;
		};
/* End PBXSourcesBuildPhase section */

/* Begin XCBuildConfiguration section */
		6DDF2ECD21EC8DE700CC598C /* Debug */ = {
			isa = XCBuildConfiguration;
			buildSettings = {
				ALWAYS_SEARCH_USER_PATHS = NO;
				CLANG_ANALYZER_NONNULL = YES;
				CLANG_ANALYZER_NUMBER_OBJECT_CONVERSION = YES_AGGRESSIVE;
				CLANG_CXX_LANGUAGE_STANDARD = "gnu++14";
				CLANG_CXX_LIBRARY = "libc++";
				CLANG_ENABLE_MODULES = YES;
				CLANG_ENABLE_OBJC_ARC = YES;
				CLANG_ENABLE_OBJC_WEAK = YES;
				CLANG_WARN_BLOCK_CAPTURE_AUTORELEASING = YES;
				CLANG_WARN_BOOL_CONVERSION = YES;
				CLANG_WARN_COMMA = YES;
				CLANG_WARN_CONSTANT_CONVERSION = YES;
				CLANG_WARN_DEPRECATED_OBJC_IMPLEMENTATIONS = YES;
				CLANG_WARN_DIRECT_OBJC_ISA_USAGE = YES_ERROR;
				CLANG_WARN_DOCUMENTATION_COMMENTS = YES;
				CLANG_WARN_EMPTY_BODY = YES;
				CLANG_WARN_ENUM_CONVERSION = YES;
				CLANG_WARN_INFINITE_RECURSION = YES;
				CLANG_WARN_INT_CONVERSION = YES;
				CLANG_WARN_NON_LITERAL_NULL_CONVERSION = YES;
				CLANG_WARN_OBJC_IMPLICIT_RETAIN_SELF = YES;
				CLANG_WARN_OBJC_LITERAL_CONVERSION = YES;
				CLANG_WARN_OBJC_ROOT_CLASS = YES_ERROR;
				CLANG_WARN_RANGE_LOOP_ANALYSIS = YES;
				CLANG_WARN_STRICT_PROTOTYPES = YES;
				CLANG_WARN_SUSPICIOUS_MOVE = YES;
				CLANG_WARN_UNGUARDED_AVAILABILITY = YES_AGGRESSIVE;
				CLANG_WARN_UNREACHABLE_CODE = YES;
				CLANG_WARN__DUPLICATE_METHOD_MATCH = YES;
				CODE_SIGN_IDENTITY = "-";
				COPY_PHASE_STRIP = NO;
				DEBUG_INFORMATION_FORMAT = dwarf;
				ENABLE_STRICT_OBJC_MSGSEND = YES;
				ENABLE_TESTABILITY = YES;
				GCC_C_LANGUAGE_STANDARD = gnu11;
				GCC_DYNAMIC_NO_PIC = NO;
				GCC_NO_COMMON_BLOCKS = YES;
				GCC_OPTIMIZATION_LEVEL = 0;
				GCC_PREPROCESSOR_DEFINITIONS = (
					"DEBUG=1",
					"$(inherited)",
				);
				GCC_WARN_64_TO_32_BIT_CONVERSION = YES;
				GCC_WARN_ABOUT_RETURN_TYPE = YES_ERROR;
				GCC_WARN_UNDECLARED_SELECTOR = YES;
				GCC_WARN_UNINITIALIZED_AUTOS = YES_AGGRESSIVE;
				GCC_WARN_UNUSED_FUNCTION = YES;
				GCC_WARN_UNUSED_VARIABLE = YES;
				MACOSX_DEPLOYMENT_TARGET = 10.14;
				MTL_ENABLE_DEBUG_INFO = INCLUDE_SOURCE;
				MTL_FAST_MATH = YES;
				ONLY_ACTIVE_ARCH = YES;
				SDKROOT = macosx;
			};
			name = Debug;
		};
		6DDF2ECE21EC8DE700CC598C /* Release */ = {
			isa = XCBuildConfiguration;
			buildSettings = {
				ALWAYS_SEARCH_USER_PATHS = NO;
				CLANG_ANALYZER_NONNULL = YES;
				CLANG_ANALYZER_NUMBER_OBJECT_CONVERSION = YES_AGGRESSIVE;
				CLANG_CXX_LANGUAGE_STANDARD = "gnu++14";
				CLANG_CXX_LIBRARY = "libc++";
				CLANG_ENABLE_MODULES = YES;
				CLANG_ENABLE_OBJC_ARC = YES;
				CLANG_ENABLE_OBJC_WEAK = YES;
				CLANG_WARN_BLOCK_CAPTURE_AUTORELEASING = YES;
				CLANG_WARN_BOOL_CONVERSION = YES;
				CLANG_WARN_COMMA = YES;
				CLANG_WARN_CONSTANT_CONVERSION = YES;
				CLANG_WARN_DEPRECATED_OBJC_IMPLEMENTATIONS = YES;
				CLANG_WARN_DIRECT_OBJC_ISA_USAGE = YES_ERROR;
				CLANG_WARN_DOCUMENTATION_COMMENTS = YES;
				CLANG_WARN_EMPTY_BODY = YES;
				CLANG_WARN_ENUM_CONVERSION = YES;
				CLANG_WARN_INFINITE_RECURSION = YES;
				CLANG_WARN_INT_CONVERSION = YES;
				CLANG_WARN_NON_LITERAL_NULL_CONVERSION = YES;
				CLANG_WARN_OBJC_IMPLICIT_RETAIN_SELF = YES;
				CLANG_WARN_OBJC_LITERAL_CONVERSION = YES;
				CLANG_WARN_OBJC_ROOT_CLASS = YES_ERROR;
				CLANG_WARN_RANGE_LOOP_ANALYSIS = YES;
				CLANG_WARN_STRICT_PROTOTYPES = YES;
				CLANG_WARN_SUSPICIOUS_MOVE = YES;
				CLANG_WARN_UNGUARDED_AVAILABILITY = YES_AGGRESSIVE;
				CLANG_WARN_UNREACHABLE_CODE = YES;
				CLANG_WARN__DUPLICATE_METHOD_MATCH = YES;
				CODE_SIGN_IDENTITY = "-";
				COPY_PHASE_STRIP = NO;
				DEBUG_INFORMATION_FORMAT = "dwarf-with-dsym";
				ENABLE_NS_ASSERTIONS = NO;
				ENABLE_STRICT_OBJC_MSGSEND = YES;
				GCC_C_LANGUAGE_STANDARD = gnu11;
				GCC_NO_COMMON_BLOCKS = YES;
				GCC_WARN_64_TO_32_BIT_CONVERSION = YES;
				GCC_WARN_ABOUT_RETURN_TYPE = YES_ERROR;
				GCC_WARN_UNDECLARED_SELECTOR = YES;
				GCC_WARN_UNINITIALIZED_AUTOS = YES_AGGRESSIVE;
				GCC_WARN_UNUSED_FUNCTION = YES;
				GCC_WARN_UNUSED_VARIABLE = YES;
				MACOSX_DEPLOYMENT_TARGET = 10.14;
				MTL_ENABLE_DEBUG_INFO = NO;
				MTL_FAST_MATH = YES;
				SDKROOT = macosx;
			};
			name = Release;
		};
		6DDF2ED021EC8DE700CC598C /* Debug */ = {
			isa = XCBuildConfiguration;
			buildSettings = {
				CODE_SIGN_STYLE = Automatic;
				PRODUCT_NAME = "$(TARGET_NAME)";
			};
			name = Debug;
		};
		6DDF2ED121EC8DE700CC598C /* Release */ = {
			isa = XCBuildConfiguration;
			buildSettings = {
				CODE_SIGN_STYLE = Automatic;
				PRODUCT_NAME = "$(TARGET_NAME)";
			};
			name = Release;
		};
/* End XCBuildConfiguration section */

/* Begin XCConfigurationList section */
		6DDF2EC321EC8DE700CC598C /* Build configuration list for PBXProject "链表(增删改查)" */ = {
			isa = XCConfigurationList;
			buildConfigurations = (
				6DDF2ECD21EC8DE700CC598C /* Debug */,
				6DDF2ECE21EC8DE700CC598C /* Release */,
			);
			defaultConfigurationIsVisible = 0;
			defaultConfigurationName = Release;
		};
		6DDF2ECF21EC8DE700CC598C /* Build configuration list for PBXNativeTarget "链表(增删改查)" */ = {
			isa = XCConfigurationList;
			buildConfigurations = (
				6DDF2ED021EC8DE700CC598C /* Debug */,
				6DDF2ED121EC8DE700CC598C /* Release */,
			);
			defaultConfigurationIsVisible = 0;
			defaultConfigurationName = Release;
		};
/* End XCConfigurationList section */
	};
	rootObject = 6DDF2EC021EC8DE700CC598C /* Project object */;
}
